
Microsoft Visual Studio Solution File, Format Version 12.00
# Visual Studio 15
VisualStudioVersion = 15.0.26730.12
MinimumVisualStudioVersion = 10.0.40219.1
Project("{FAE04EC0-301F-11D3-BF4B-00C04F79EFBC}") = "WcfServiceCalculator", "WcfServiceCalculator\WcfServiceCalculator.csproj", "{D63071AD-8DB5-453C-83A3-0A4842BD9F01}"
EndProject
Global
	GlobalSection(SolutionConfigurationPlatforms) = preSolution
		Debug|Any CPU = Debug|Any CPU
		Release|Any CPU = Release|Any CPU
	EndGlobalSection
	GlobalSection(ProjectConfigurationPlatforms) = postSolution
		{D63071AD-8DB5-453C-83A3-0A4842BD9F01}.Debug|Any CPU.ActiveCfg = Debug|Any CPU
		{D63071AD-8DB5-453C-83A3-0A4842BD9F01}.Debug|Any CPU.Build.0 = Debug|Any CPU
		{D63071AD-8DB5-453C-83A3-0A4842BD9F01}.Release|Any CPU.ActiveCfg = Release|Any CPU
		{D63071AD-8DB5-453C-83A3-0A4842BD9F01}.Release|Any CPU.Build.0 = Release|Any CPU
	EndGlobalSection
	GlobalSection(SolutionProperties) = preSolution
		HideSolutionNode = FALSE
	EndGlobalSection
	GlobalSection(ExtensibilityGlobals) = postSolution
		SolutionGuid = {CBEDD6E6-5C63-4788-BFE7-85E8C01132B5}
	EndGlobalSection
EndGlobal
